
Microsoft Visual Studio Solution File, Format Version 12.00
# Visual Studio Version 17
VisualStudioVersion = 17.1.32228.430
MinimumVisualStudioVersion = 10.0.40219.1
Project("{FAE04EC0-301F-11D3-BF4B-00C04F79EFBC}") = "AutomatinTastTwo", "AutomatinTastTwo\AutomatinTastTwo.csproj", "{EC5F97BE-23CC-4E6F-A944-39DCA7499DCB}"
EndProject
Global
	GlobalSection(SolutionConfigurationPlatforms) = preSolution
		Debug|Any CPU = Debug|Any CPU
		Release|Any CPU = Release|Any CPU
	EndGlobalSection
	GlobalSection(ProjectConfigurationPlatforms) = postSolution
		{EC5F97BE-23CC-4E6F-A944-39DCA7499DCB}.Debug|Any CPU.ActiveCfg = Debug|Any CPU
		{EC5F97BE-23CC-4E6F-A944-39DCA7499DCB}.Debug|Any CPU.Build.0 = Debug|Any CPU
		{EC5F97BE-23CC-4E6F-A944-39DCA7499DCB}.Release|Any CPU.ActiveCfg = Release|Any CPU
		{EC5F97BE-23CC-4E6F-A944-39DCA7499DCB}.Release|Any CPU.Build.0 = Release|Any CPU
	EndGlobalSection
	GlobalSection(SolutionProperties) = preSolution
		HideSolutionNode = FALSE
	EndGlobalSection
	GlobalSection(ExtensibilityGlobals) = postSolution
		SolutionGuid = {9E123B6A-6B69-41CB-B912-CF43107ADD87}
	EndGlobalSection
EndGlobal
